
Microsoft Visual Studio Solution File, Format Version 12.00
# Visual Studio Version 16
VisualStudioVersion = 16.0.29324.140
MinimumVisualStudioVersion = 10.0.40219.1
Project("{9A19103F-16F7-4668-BE54-9A1E7A4F7556}") = "1. QueryOptimizations", "QueryOptimizations\1. QueryOptimizations.csproj", "{54FF686E-FCCB-4995-AB95-817ECAF388C7}"
EndProject
Project("{FAE04EC0-301F-11D3-BF4B-00C04F79EFBC}") = "2. DataLayerApproaches", "DataLayerApproaches\2. DataLayerApproaches.csproj", "{8F5DDB16-D3CA-4C9A-84D9-9D8FD0F711E5}"
EndProject
Project("{FAE04EC0-301F-11D3-BF4B-00C04F79EFBC}") = "3. DataLayerTests", "DataLayerTests\3. DataLayerTests.csproj", "{849BAC1E-2179-4A99-9D34-D084DE3FC89C}"
EndProject
Global
	GlobalSection(SolutionConfigurationPlatforms) = preSolution
		Debug|Any CPU = Debug|Any CPU
		Release|Any CPU = Release|Any CPU
	EndGlobalSection
	GlobalSection(ProjectConfigurationPlatforms) = postSolution
		{54FF686E-FCCB-4995-AB95-817ECAF388C7}.Debug|Any CPU.ActiveCfg = Debug|Any CPU
		{54FF686E-FCCB-4995-AB95-817ECAF388C7}.Debug|Any CPU.Build.0 = Debug|Any CPU
		{54FF686E-FCCB-4995-AB95-817ECAF388C7}.Release|Any CPU.ActiveCfg = Release|Any CPU
		{54FF686E-FCCB-4995-AB95-817ECAF388C7}.Release|Any CPU.Build.0 = Release|Any CPU
		{8F5DDB16-D3CA-4C9A-84D9-9D8FD0F711E5}.Debug|Any CPU.ActiveCfg = Debug|Any CPU
		{8F5DDB16-D3CA-4C9A-84D9-9D8FD0F711E5}.Debug|Any CPU.Build.0 = Debug|Any CPU
		{8F5DDB16-D3CA-4C9A-84D9-9D8FD0F711E5}.Release|Any CPU.ActiveCfg = Release|Any CPU
		{8F5DDB16-D3CA-4C9A-84D9-9D8FD0F711E5}.Release|Any CPU.Build.0 = Release|Any CPU
		{849BAC1E-2179-4A99-9D34-D084DE3FC89C}.Debug|Any CPU.ActiveCfg = Debug|Any CPU
		{849BAC1E-2179-4A99-9D34-D084DE3FC89C}.Debug|Any CPU.Build.0 = Debug|Any CPU
		{849BAC1E-2179-4A99-9D34-D084DE3FC89C}.Release|Any CPU.ActiveCfg = Release|Any CPU
		{849BAC1E-2179-4A99-9D34-D084DE3FC89C}.Release|Any CPU.Build.0 = Release|Any CPU
	EndGlobalSection
	GlobalSection(SolutionProperties) = preSolution
		HideSolutionNode = FALSE
	EndGlobalSection
	GlobalSection(ExtensibilityGlobals) = postSolution
		SolutionGuid = {39B1CECE-E29A-42FA-9A7B-C7C8D96615B1}
	EndGlobalSection
EndGlobal
